
Microsoft Visual Studio Solution File, Format Version 12.00
# Visual Studio Version 17
VisualStudioVersion = 17.4.33213.308
MinimumVisualStudioVersion = 10.0.40219.1
Project("{FAE04EC0-301F-11D3-BF4B-00C04F79EFBC}") = "HeroesApp", "HeroesApp\HeroesApp.csproj", "{167BE312-249B-49C6-8DEF-ADEFA32D9B49}"
EndProject
Project("{FAE04EC0-301F-11D3-BF4B-00C04F79EFBC}") = "TestHeroesApp", "TestHeroesApp\TestHeroesApp.csproj", "{599A6BA2-C855-454B-85E9-45770A2ACF9C}"
EndProject
Global
	GlobalSection(SolutionConfigurationPlatforms) = preSolution
		Debug|Any CPU = Debug|Any CPU
		Release|Any CPU = Release|Any CPU
	EndGlobalSection
	GlobalSection(ProjectConfigurationPlatforms) = postSolution
		{167BE312-249B-49C6-8DEF-ADEFA32D9B49}.Debug|Any CPU.ActiveCfg = Debug|Any CPU
		{167BE312-249B-49C6-8DEF-ADEFA32D9B49}.Debug|Any CPU.Build.0 = Debug|Any CPU
		{167BE312-249B-49C6-8DEF-ADEFA32D9B49}.Release|Any CPU.ActiveCfg = Release|Any CPU
		{167BE312-249B-49C6-8DEF-ADEFA32D9B49}.Release|Any CPU.Build.0 = Release|Any CPU
		{599A6BA2-C855-454B-85E9-45770A2ACF9C}.Debug|Any CPU.ActiveCfg = Debug|Any CPU
		{599A6BA2-C855-454B-85E9-45770A2ACF9C}.Debug|Any CPU.Build.0 = Debug|Any CPU
		{599A6BA2-C855-454B-85E9-45770A2ACF9C}.Release|Any CPU.ActiveCfg = Release|Any CPU
		{599A6BA2-C855-454B-85E9-45770A2ACF9C}.Release|Any CPU.Build.0 = Release|Any CPU
	EndGlobalSection
	GlobalSection(SolutionProperties) = preSolution
		HideSolutionNode = FALSE
	EndGlobalSection
	GlobalSection(ExtensibilityGlobals) = postSolution
		SolutionGuid = {09D70B81-C469-4125-924F-DCD6DAD6A827}
	EndGlobalSection
EndGlobal
